
Microsoft Visual Studio Solution File, Format Version 12.00
# Visual Studio Version 17
VisualStudioVersion = 17.0.31903.59
MinimumVisualStudioVersion = 10.0.40219.1
Project("{FAE04EC0-301F-11D3-BF4B-00C04F79EFBC}") = "Panda.Billbee.CustomShopSdk", "Panda.Billbee.CustomShopSdk\Panda.Billbee.CustomShopSdk.csproj", "{55ED070B-CD66-4E7B-9205-BE81E1E18CFB}"
EndProject
Project("{2150E333-8FDC-42A3-9474-1A3956D46DE8}") = "Solution Items", "Solution Items", "{B7C6C639-5697-457F-8C95-6794F12431F5}"
	ProjectSection(SolutionItems) = preProject
		LICENSE = LICENSE
		README.md = README.md
	EndProjectSection
EndProject
Project("{FAE04EC0-301F-11D3-BF4B-00C04F79EFBC}") = "Panda.Billbee.CustomShopSdk.Tests", "Panda.Billbee.CustomShopSdk.Tests\Panda.Billbee.CustomShopSdk.Tests.csproj", "{215F0F57-6271-4E7D-800D-A11AA579B0A1}"
EndProject
Global
	GlobalSection(SolutionConfigurationPlatforms) = preSolution
		Debug|Any CPU = Debug|Any CPU
		Release|Any CPU = Release|Any CPU
	EndGlobalSection
	GlobalSection(SolutionProperties) = preSolution
		HideSolutionNode = FALSE
	EndGlobalSection
	GlobalSection(ProjectConfigurationPlatforms) = postSolution
		{55ED070B-CD66-4E7B-9205-BE81E1E18CFB}.Debug|Any CPU.ActiveCfg = Debug|Any CPU
		{55ED070B-CD66-4E7B-9205-BE81E1E18CFB}.Debug|Any CPU.Build.0 = Debug|Any CPU
		{55ED070B-CD66-4E7B-9205-BE81E1E18CFB}.Release|Any CPU.ActiveCfg = Release|Any CPU
		{55ED070B-CD66-4E7B-9205-BE81E1E18CFB}.Release|Any CPU.Build.0 = Release|Any CPU
		{215F0F57-6271-4E7D-800D-A11AA579B0A1}.Debug|Any CPU.ActiveCfg = Debug|Any CPU
		{215F0F57-6271-4E7D-800D-A11AA579B0A1}.Debug|Any CPU.Build.0 = Debug|Any CPU
		{215F0F57-6271-4E7D-800D-A11AA579B0A1}.Release|Any CPU.ActiveCfg = Release|Any CPU
		{215F0F57-6271-4E7D-800D-A11AA579B0A1}.Release|Any CPU.Build.0 = Release|Any CPU
	EndGlobalSection
EndGlobal
